// !$*UTF8*$!
{
	archiveVersion = 1;
	classes = {
	};
	objectVersion = 46;
	objects = {

/* Begin PBXBuildFile section */
		AC3EDF701B527819009F8F43 /* Hydra.framework in Frameworks */ = {isa = PBXBuildFile; fileRef = AC3EDF6D1B527814009F8F43 /* Hydra.framework */; };
		ACF5F2241A93274A009D787C /* main.m in Sources */ = {isa = PBXBuildFile; fileRef = ACF5F2231A93274A009D787C /* main.m */; };
		ACF5F2271A93274A009D787C /* AppDelegate.m in Sources */ = {isa = PBXBuildFile; fileRef = ACF5F2261A93274A009D787C /* AppDelegate.m */; };
		ACF5F22A1A93274A009D787C /* ViewController.m in Sources */ = {isa = PBXBuildFile; fileRef = ACF5F2291A93274A009D787C /* ViewController.m */; };
		ACF5F22F1A93274A009D787C /* Images.xcassets in Resources */ = {isa = PBXBuildFile; fileRef = ACF5F22E1A93274A009D787C /* Images.xcassets */; };
		ACF5F2321A93274A009D787C /* LaunchScreen.xib in Resources */ = {isa = PBXBuildFile; fileRef = ACF5F2301A93274A009D787C /* LaunchScreen.xib */; };
		ACF5F23E1A93274B009D787C /* Sample01_UsingExecutorTests.m in Sources */ = {isa = PBXBuildFile; fileRef = ACF5F23D1A93274B009D787C /* Sample01_UsingExecutorTests.m */; };
		ACF5F24D1A932807009D787C /* CommonWorker.m in Sources */ = {isa = PBXBuildFile; fileRef = ACF5F24A1A932807009D787C /* CommonWorker.m */; };
		ACF5F24E1A932807009D787C /* PlaygroundView.m in Sources */ = {isa = PBXBuildFile; fileRef = ACF5F24C1A932807009D787C /* PlaygroundView.m */; };
		ACF5F2511A9329B8009D787C /* SampleExecutor.m in Sources */ = {isa = PBXBuildFile; fileRef = ACF5F2501A9329B8009D787C /* SampleExecutor.m */; };
/* End PBXBuildFile section */

/* Begin PBXContainerItemProxy section */
		AC3EDF6C1B527814009F8F43 /* PBXContainerItemProxy */ = {
			isa = PBXContainerItemProxy;
			containerPortal = AC3EDF671B527814009F8F43 /* Hydra.xcodeproj */;
			proxyType = 2;
			remoteGlobalIDString = ACA0C7811B5251D3008DEEAA;
			remoteInfo = Hydra;
		};
		AC3EDF6E1B527814009F8F43 /* PBXContainerItemProxy */ = {
			isa = PBXContainerItemProxy;
			containerPortal = AC3EDF671B527814009F8F43 /* Hydra.xcodeproj */;
			proxyType = 2;
			remoteGlobalIDString = ACA0C78C1B5251D3008DEEAA;
			remoteInfo = HydraTests;
		};
		ACF5F2381A93274B009D787C /* PBXContainerItemProxy */ = {
			isa = PBXContainerItemProxy;
			containerPortal = ACF5F2161A93274A009D787C /* Project object */;
			proxyType = 1;
			remoteGlobalIDString = ACF5F21D1A93274A009D787C;
			remoteInfo = Sample01_UsingExecutor;
		};
/* End PBXContainerItemProxy section */

/* Begin PBXFileReference section */
		AC3EDF671B527814009F8F43 /* Hydra.xcodeproj */ = {isa = PBXFileReference; lastKnownFileType = "wrapper.pb-project"; name = Hydra.xcodeproj; path = ../../Hydra/Hydra.xcodeproj; sourceTree = "<group>"; };
		ACF5F21E1A93274A009D787C /* Sample01_UsingExecutor.app */ = {isa = PBXFileReference; explicitFileType = wrapper.application; includeInIndex = 0; path = Sample01_UsingExecutor.app; sourceTree = BUILT_PRODUCTS_DIR; };
		ACF5F2221A93274A009D787C /* Info.plist */ = {isa = PBXFileReference; lastKnownFileType = text.plist.xml; path = Info.plist; sourceTree = "<group>"; };
		ACF5F2231A93274A009D787C /* main.m */ = {isa = PBXFileReference; lastKnownFileType = sourcecode.c.objc; path = main.m; sourceTree = "<group>"; };
		ACF5F2251A93274A009D787C /* AppDelegate.h */ = {isa = PBXFileReference; lastKnownFileType = sourcecode.c.h; path = AppDelegate.h; sourceTree = "<group>"; };
		ACF5F2261A93274A009D787C /* AppDelegate.m */ = {isa = PBXFileReference; lastKnownFileType = sourcecode.c.objc; path = AppDelegate.m; sourceTree = "<group>"; };
		ACF5F2281A93274A009D787C /* ViewController.h */ = {isa = PBXFileReference; lastKnownFileType = sourcecode.c.h; path = ViewController.h; sourceTree = "<group>"; };
		ACF5F2291A93274A009D787C /* ViewController.m */ = {isa = PBXFileReference; lastKnownFileType = sourcecode.c.objc; path = ViewController.m; sourceTree = "<group>"; };
		ACF5F22E1A93274A009D787C /* Images.xcassets */ = {isa = PBXFileReference; lastKnownFileType = folder.assetcatalog; path = Images.xcassets; sourceTree = "<group>"; };
		ACF5F2311A93274A009D787C /* Base */ = {isa = PBXFileReference; lastKnownFileType = file.xib; name = Base; path = Base.lproj/LaunchScreen.xib; sourceTree = "<group>"; };
		ACF5F2371A93274B009D787C /* Sample01_UsingExecutorTests.xctest */ = {isa = PBXFileReference; explicitFileType = wrapper.cfbundle; includeInIndex = 0; path = Sample01_UsingExecutorTests.xctest; sourceTree = BUILT_PRODUCTS_DIR; };
		ACF5F23C1A93274B009D787C /* Info.plist */ = {isa = PBXFileReference; lastKnownFileType = text.plist.xml; path = Info.plist; sourceTree = "<group>"; };
		ACF5F23D1A93274B009D787C /* Sample01_UsingExecutorTests.m */ = {isa = PBXFileReference; lastKnownFileType = sourcecode.c.objc; path = Sample01_UsingExecutorTests.m; sourceTree = "<group>"; };
		ACF5F2491A932807009D787C /* CommonWorker.h */ = {isa = PBXFileReference; fileEncoding = 4; lastKnownFileType = sourcecode.c.h; path = CommonWorker.h; sourceTree = "<group>"; };
		ACF5F24A1A932807009D787C /* CommonWorker.m */ = {isa = PBXFileReference; fileEncoding = 4; lastKnownFileType = sourcecode.c.objc; path = CommonWorker.m; sourceTree = "<group>"; };
		ACF5F24B1A932807009D787C /* PlaygroundView.h */ = {isa = PBXFileReference; fileEncoding = 4; lastKnownFileType = sourcecode.c.h; path = PlaygroundView.h; sourceTree = "<group>"; };
		ACF5F24C1A932807009D787C /* PlaygroundView.m */ = {isa = PBXFileReference; fileEncoding = 4; lastKnownFileType = sourcecode.c.objc; path = PlaygroundView.m; sourceTree = "<group>"; };
		ACF5F24F1A9329B8009D787C /* SampleExecutor.h */ = {isa = PBXFileReference; fileEncoding = 4; lastKnownFileType = sourcecode.c.h; path = SampleExecutor.h; sourceTree = "<group>"; };
		ACF5F2501A9329B8009D787C /* SampleExecutor.m */ = {isa = PBXFileReference; fileEncoding = 4; lastKnownFileType = sourcecode.c.objc; path = SampleExecutor.m; sourceTree = "<group>"; };
/* End PBXFileReference section */

/* Begin PBXFrameworksBuildPhase section */
		ACF5F21B1A93274A009D787C /* Frameworks */ = {
			isa = PBXFrameworksBuildPhase;
			buildActionMask = 2147483647;
			files = (
				AC3EDF701B527819009F8F43 /* Hydra.framework in Frameworks */,
			);
			runOnlyForDeploymentPostprocessing = 0;
		};
		ACF5F2341A93274B009D787C /* Frameworks */ = {
			isa = PBXFrameworksBuildPhase;
			buildActionMask = 2147483647;
			files = (
			);
			runOnlyForDeploymentPostprocessing = 0;
		};
/* End PBXFrameworksBuildPhase section */

/* Begin PBXGroup section */
		AC3EDF681B527814009F8F43 /* Products */ = {
			isa = PBXGroup;
			children = (
				AC3EDF6D1B527814009F8F43 /* Hydra.framework */,
				AC3EDF6F1B527814009F8F43 /* HydraTests.xctest */,
			);
			name = Products;
			sourceTree = "<group>";
		};
		ACF5F2151A93274A009D787C = {
			isa = PBXGroup;
			children = (
				AC3EDF671B527814009F8F43 /* Hydra.xcodeproj */,
				ACF5F2201A93274A009D787C /* Sample01_UsingExecutor */,
				ACF5F23A1A93274B009D787C /* Sample01_UsingExecutorTests */,
				ACF5F21F1A93274A009D787C /* Products */,
			);
			sourceTree = "<group>";
		};
		ACF5F21F1A93274A009D787C /* Products */ = {
			isa = PBXGroup;
			children = (
				ACF5F21E1A93274A009D787C /* Sample01_UsingExecutor.app */,
				ACF5F2371A93274B009D787C /* Sample01_UsingExecutorTests.xctest */,
			);
			name = Products;
			sourceTree = "<group>";
		};
		ACF5F2201A93274A009D787C /* Sample01_UsingExecutor */ = {
			isa = PBXGroup;
			children = (
				ACF5F2251A93274A009D787C /* AppDelegate.h */,
				ACF5F2261A93274A009D787C /* AppDelegate.m */,
				ACF5F2281A93274A009D787C /* ViewController.h */,
				ACF5F2291A93274A009D787C /* ViewController.m */,
				ACF5F24B1A932807009D787C /* PlaygroundView.h */,
				ACF5F24C1A932807009D787C /* PlaygroundView.m */,
				ACF5F2491A932807009D787C /* CommonWorker.h */,
				ACF5F24A1A932807009D787C /* CommonWorker.m */,
				ACF5F24F1A9329B8009D787C /* SampleExecutor.h */,
				ACF5F2501A9329B8009D787C /* SampleExecutor.m */,
				ACF5F22E1A93274A009D787C /* Images.xcassets */,
				ACF5F2301A93274A009D787C /* LaunchScreen.xib */,
				ACF5F2211A93274A009D787C /* Supporting Files */,
			);
			path = Sample01_UsingExecutor;
			sourceTree = "<group>";
		};
		ACF5F2211A93274A009D787C /* Supporting Files */ = {
			isa = PBXGroup;
			children = (
				ACF5F2221A93274A009D787C /* Info.plist */,
				ACF5F2231A93274A009D787C /* main.m */,
			);
			name = "Supporting Files";
			sourceTree = "<group>";
		};
		ACF5F23A1A93274B009D787C /* Sample01_UsingExecutorTests */ = {
			isa = PBXGroup;
			children = (
				ACF5F23D1A93274B009D787C /* Sample01_UsingExecutorTests.m */,
				ACF5F23B1A93274B009D787C /* Supporting Files */,
			);
			path = Sample01_UsingExecutorTests;
			sourceTree = "<group>";
		};
		ACF5F23B1A93274B009D787C /* Supporting Files */ = {
			isa = PBXGroup;
			children = (
				ACF5F23C1A93274B009D787C /* Info.plist */,
			);
			name = "Supporting Files";
			sourceTree = "<group>";
		};
/* End PBXGroup section */

/* Begin PBXNativeTarget section */
		ACF5F21D1A93274A009D787C /* Sample01_UsingExecutor */ = {
			isa = PBXNativeTarget;
			buildConfigurationList = ACF5F2411A93274B009D787C /* Build configuration list for PBXNativeTarget "Sample01_UsingExecutor" */;
			buildPhases = (
				ACF5F21A1A93274A009D787C /* Sources */,
				ACF5F21B1A93274A009D787C /* Frameworks */,
				ACF5F21C1A93274A009D787C /* Resources */,
			);
			buildRules = (
			);
			dependencies = (
			);
			name = Sample01_UsingExecutor;
			productName = Sample01_UsingExecutor;
			productReference = ACF5F21E1A93274A009D787C /* Sample01_UsingExecutor.app */;
			productType = "com.apple.product-type.application";
		};
		ACF5F2361A93274B009D787C /* Sample01_UsingExecutorTests */ = {
			isa = PBXNativeTarget;
			buildConfigurationList = ACF5F2441A93274B009D787C /* Build configuration list for PBXNativeTarget "Sample01_UsingExecutorTests" */;
			buildPhases = (
				ACF5F2331A93274B009D787C /* Sources */,
				ACF5F2341A93274B009D787C /* Frameworks */,
				ACF5F2351A93274B009D787C /* Resources */,
			);
			buildRules = (
			);
			dependencies = (
				ACF5F2391A93274B009D787C /* PBXTargetDependency */,
			);
			name = Sample01_UsingExecutorTests;
			productName = Sample01_UsingExecutorTests;
			productReference = ACF5F2371A93274B009D787C /* Sample01_UsingExecutorTests.xctest */;
			productType = "com.apple.product-type.bundle.unit-test";
		};
/* End PBXNativeTarget section */

/* Begin PBXProject section */
		ACF5F2161A93274A009D787C /* Project object */ = {
			isa = PBXProject;
			attributes = {
				LastUpgradeCheck = 0720;
				ORGANIZATIONNAME = TeamP9;
				TargetAttributes = {
					ACF5F21D1A93274A009D787C = {
						CreatedOnToolsVersion = 6.1.1;
					};
					ACF5F2361A93274B009D787C = {
						CreatedOnToolsVersion = 6.1.1;
						TestTargetID = ACF5F21D1A93274A009D787C;
					};
				};
			};
			buildConfigurationList = ACF5F2191A93274A009D787C /* Build configuration list for PBXProject "Sample01_UsingExecutor" */;
			compatibilityVersion = "Xcode 3.2";
			developmentRegion = English;
			hasScannedForEncodings = 0;
			knownRegions = (
				en,
				Base,
			);
			mainGroup = ACF5F2151A93274A009D787C;
			productRefGroup = ACF5F21F1A93274A009D787C /* Products */;
			projectDirPath = "";
			projectReferences = (
				{
					ProductGroup = AC3EDF681B527814009F8F43 /* Products */;
					ProjectRef = AC3EDF671B527814009F8F43 /* Hydra.xcodeproj */;
				},
			);
			projectRoot = "";
			targets = (
				ACF5F21D1A93274A009D787C /* Sample01_UsingExecutor */,
				ACF5F2361A93274B009D787C /* Sample01_UsingExecutorTests */,
			);
		};
/* End PBXProject section */

/* Begin PBXReferenceProxy section */
		AC3EDF6D1B527814009F8F43 /* Hydra.framework */ = {
			isa = PBXReferenceProxy;
			fileType = wrapper.framework;
			path = Hydra.framework;
			remoteRef = AC3EDF6C1B527814009F8F43 /* PBXContainerItemProxy */;
			sourceTree = BUILT_PRODUCTS_DIR;
		};
		AC3EDF6F1B527814009F8F43 /* HydraTests.xctest */ = {
			isa = PBXReferenceProxy;
			fileType = wrapper.cfbundle;
			path = HydraTests.xctest;
			remoteRef = AC3EDF6E1B527814009F8F43 /* PBXContainerItemProxy */;
			sourceTree = BUILT_PRODUCTS_DIR;
		};
/* End PBXReferenceProxy section */

/* Begin PBXResourcesBuildPhase section */
		ACF5F21C1A93274A009D787C /* Resources */ = {
			isa = PBXResourcesBuildPhase;
			buildActionMask = 2147483647;
			files = (
				ACF5F2321A93274A009D787C /* LaunchScreen.xib in Resources */,
				ACF5F22F1A93274A009D787C /* Images.xcassets in Resources */,
			);
			runOnlyForDeploymentPostprocessing = 0;
		};
		ACF5F2351A93274B009D787C /* Resources */ = {
			isa = PBXResourcesBuildPhase;
			buildActionMask = 2147483647;
			files = (
			);
			runOnlyForDeploymentPostprocessing = 0;
		};
/* End PBXResourcesBuildPhase section */

/* Begin PBXSourcesBuildPhase section */
		ACF5F21A1A93274A009D787C /* Sources */ = {
			isa = PBXSourcesBuildPhase;
			buildActionMask = 2147483647;
			files = (
				ACF5F2511A9329B8009D787C /* SampleExecutor.m in Sources */,
				ACF5F24D1A932807009D787C /* CommonWorker.m in Sources */,
				ACF5F22A1A93274A009D787C /* ViewController.m in Sources */,
				ACF5F24E1A932807009D787C /* PlaygroundView.m in Sources */,
				ACF5F2271A93274A009D787C /* AppDelegate.m in Sources */,
				ACF5F2241A93274A009D787C /* main.m in Sources */,
			);
			runOnlyForDeploymentPostprocessing = 0;
		};
		ACF5F2331A93274B009D787C /* Sources */ = {
			isa = PBXSourcesBuildPhase;
			buildActionMask = 2147483647;
			files = (
				ACF5F23E1A93274B009D787C /* Sample01_UsingExecutorTests.m in Sources */,
			);
			runOnlyForDeploymentPostprocessing = 0;
		};
/* End PBXSourcesBuildPhase section */

/* Begin PBXTargetDependency section */
		ACF5F2391A93274B009D787C /* PBXTargetDependency */ = {
			isa = PBXTargetDependency;
			target = ACF5F21D1A93274A009D787C /* Sample01_UsingExecutor */;
			targetProxy = ACF5F2381A93274B009D787C /* PBXContainerItemProxy */;
		};
/* End PBXTargetDependency section */

/* Begin PBXVariantGroup section */
		ACF5F2301A93274A009D787C /* LaunchScreen.xib */ = {
			isa = PBXVariantGroup;
			children = (
				ACF5F2311A93274A009D787C /* Base */,
			);
			name = LaunchScreen.xib;
			sourceTree = "<group>";
		};
/* End PBXVariantGroup section */

/* Begin XCBuildConfiguration section */
		ACF5F23F1A93274B009D787C /* Debug */ = {
			isa = XCBuildConfiguration;
			buildSettings = {
				ALWAYS_SEARCH_USER_PATHS = NO;
				CLANG_CXX_LANGUAGE_STANDARD = "gnu++0x";
				CLANG_CXX_LIBRARY = "libc++";
				CLANG_ENABLE_MODULES = YES;
				CLANG_ENABLE_OBJC_ARC = YES;
				CLANG_WARN_BOOL_CONVERSION = YES;
				CLANG_WARN_CONSTANT_CONVERSION = YES;
				CLANG_WARN_DIRECT_OBJC_ISA_USAGE = YES_ERROR;
				CLANG_WARN_EMPTY_BODY = YES;
				CLANG_WARN_ENUM_CONVERSION = YES;
				CLANG_WARN_INT_CONVERSION = YES;
				CLANG_WARN_OBJC_ROOT_CLASS = YES_ERROR;
				CLANG_WARN_UNREACHABLE_CODE = YES;
				CLANG_WARN__DUPLICATE_METHOD_MATCH = YES;
				"CODE_SIGN_IDENTITY[sdk=iphoneos*]" = "iPhone Developer";
				COPY_PHASE_STRIP = NO;
				ENABLE_STRICT_OBJC_MSGSEND = YES;
				ENABLE_TESTABILITY = YES;
				GCC_C_LANGUAGE_STANDARD = gnu99;
				GCC_DYNAMIC_NO_PIC = NO;
				GCC_OPTIMIZATION_LEVEL = 0;
				GCC_PREPROCESSOR_DEFINITIONS = (
					"DEBUG=1",
					"$(inherited)",
				);
				GCC_SYMBOLS_PRIVATE_EXTERN = NO;
				GCC_WARN_64_TO_32_BIT_CONVERSION = YES;
				GCC_WARN_ABOUT_RETURN_TYPE = YES_ERROR;
				GCC_WARN_UNDECLARED_SELECTOR = YES;
				GCC_WARN_UNINITIALIZED_AUTOS = YES_AGGRESSIVE;
				GCC_WARN_UNUSED_FUNCTION = YES;
				GCC_WARN_UNUSED_VARIABLE = YES;
				HEADER_SEARCH_PATHS = (
					"$(inherited)",
					/Applications/Xcode.app/Contents/Developer/Toolchains/XcodeDefault.xctoolchain/usr/include,
				);
				IPHONEOS_DEPLOYMENT_TARGET = 8.1;
				MTL_ENABLE_DEBUG_INFO = YES;
				ONLY_ACTIVE_ARCH = YES;
				SDKROOT = iphoneos;
			};
			name = Debug;
		};
		ACF5F2401A93274B009D787C /* Release */ = {
			isa = XCBuildConfiguration;
			buildSettings = {
				ALWAYS_SEARCH_USER_PATHS = NO;
				CLANG_CXX_LANGUAGE_STANDARD = "gnu++0x";
				CLANG_CXX_LIBRARY = "libc++";
				CLANG_ENABLE_MODULES = YES;
				CLANG_ENABLE_OBJC_ARC = YES;
				CLANG_WARN_BOOL_CONVERSION = YES;
				CLANG_WARN_CONSTANT_CONVERSION = YES;
				CLANG_WARN_DIRECT_OBJC_ISA_USAGE = YES_ERROR;
				CLANG_WARN_EMPTY_BODY = YES;
				CLANG_WARN_ENUM_CONVERSION = YES;
				CLANG_WARN_INT_CONVERSION = YES;
				CLANG_WARN_OBJC_ROOT_CLASS = YES_ERROR;
				CLANG_WARN_UNREACHABLE_CODE = YES;
				CLANG_WARN__DUPLICATE_METHOD_MATCH = YES;
				"CODE_SIGN_IDENTITY[sdk=iphoneos*]" = "iPhone Developer";
				COPY_PHASE_STRIP = YES;
				ENABLE_NS_ASSERTIONS = NO;
				ENABLE_STRICT_OBJC_MSGSEND = YES;
				GCC_C_LANGUAGE_STANDARD = gnu99;
				GCC_WARN_64_TO_32_BIT_CONVERSION = YES;
				GCC_WARN_ABOUT_RETURN_TYPE = YES_ERROR;
				GCC_WARN_UNDECLARED_SELECTOR = YES;
				GCC_WARN_UNINITIALIZED_AUTOS = YES_AGGRESSIVE;
				GCC_WARN_UNUSED_FUNCTION = YES;
				GCC_WARN_UNUSED_VARIABLE = YES;
				HEADER_SEARCH_PATHS = (
					"$(inherited)",
					/Applications/Xcode.app/Contents/Developer/Toolchains/XcodeDefault.xctoolchain/usr/include,
				);
				IPHONEOS_DEPLOYMENT_TARGET = 8.1;
				MTL_ENABLE_DEBUG_INFO = NO;
				SDKROOT = iphoneos;
				VALIDATE_PRODUCT = YES;
			};
			name = Release;
		};
		ACF5F2421A93274B009D787C /* Debug */ = {
			isa = XCBuildConfiguration;
			buildSettings = {
				ASSETCATALOG_COMPILER_APPICON_NAME = AppIcon;
				FRAMEWORK_SEARCH_PATHS = "$(inherited)";
				HEADER_SEARCH_PATHS = (
					"$(inherited)",
					/Applications/Xcode.app/Contents/Developer/Toolchains/XcodeDefault.xctoolchain/usr/include,
					"$(SRCROOT)/../../Hydra",
				);
				INFOPLIST_FILE = Sample01_UsingExecutor/Info.plist;
				IPHONEOS_DEPLOYMENT_TARGET = 8.1;
				LD_RUNPATH_SEARCH_PATHS = "$(inherited) @executable_path/Frameworks";
				PRODUCT_BUNDLE_IDENTIFIER = "com.p9soft.$(PRODUCT_NAME:rfc1034identifier)";
				PRODUCT_NAME = "$(TARGET_NAME)";
			};
			name = Debug;
		};
		ACF5F2431A93274B009D787C /* Release */ = {
			isa = XCBuildConfiguration;
			buildSettings = {
				ASSETCATALOG_COMPILER_APPICON_NAME = AppIcon;
				FRAMEWORK_SEARCH_PATHS = "$(inherited)";
				HEADER_SEARCH_PATHS = (
					"$(inherited)",
					/Applications/Xcode.app/Contents/Developer/Toolchains/XcodeDefault.xctoolchain/usr/include,
					"$(SRCROOT)/../../Hydra",
				);
				INFOPLIST_FILE = Sample01_UsingExecutor/Info.plist;
				IPHONEOS_DEPLOYMENT_TARGET = 8.1;
				LD_RUNPATH_SEARCH_PATHS = "$(inherited) @executable_path/Frameworks";
				PRODUCT_BUNDLE_IDENTIFIER = "com.p9soft.$(PRODUCT_NAME:rfc1034identifier)";
				PRODUCT_NAME = "$(TARGET_NAME)";
			};
			name = Release;
		};
		ACF5F2451A93274B009D787C /* Debug */ = {
			isa = XCBuildConfiguration;
			buildSettings = {
				BUNDLE_LOADER = "$(TEST_HOST)";
				FRAMEWORK_SEARCH_PATHS = (
					"$(SDKROOT)/Developer/Library/Frameworks",
					"$(inherited)",
				);
				GCC_PREPROCESSOR_DEFINITIONS = (
					"DEBUG=1",
					"$(inherited)",
				);
				INFOPLIST_FILE = Sample01_UsingExecutorTests/Info.plist;
				LD_RUNPATH_SEARCH_PATHS = "$(inherited) @executable_path/Frameworks @loader_path/Frameworks";
				PRODUCT_BUNDLE_IDENTIFIER = "com.p9soft.$(PRODUCT_NAME:rfc1034identifier)";
				PRODUCT_NAME = "$(TARGET_NAME)";
				TEST_HOST = "$(BUILT_PRODUCTS_DIR)/Sample01_UsingExecutor.app/Sample01_UsingExecutor";
			};
			name = Debug;
		};
		ACF5F2461A93274B009D787C /* Release */ = {
			isa = XCBuildConfiguration;
			buildSettings = {
				BUNDLE_LOADER = "$(TEST_HOST)";
				FRAMEWORK_SEARCH_PATHS = (
					"$(SDKROOT)/Developer/Library/Frameworks",
					"$(inherited)",
				);
				INFOPLIST_FILE = Sample01_UsingExecutorTests/Info.plist;
				LD_RUNPATH_SEARCH_PATHS = "$(inherited) @executable_path/Frameworks @loader_path/Frameworks";
				PRODUCT_BUNDLE_IDENTIFIER = "com.p9soft.$(PRODUCT_NAME:rfc1034identifier)";
				PRODUCT_NAME = "$(TARGET_NAME)";
				TEST_HOST = "$(BUILT_PRODUCTS_DIR)/Sample01_UsingExecutor.app/Sample01_UsingExecutor";
			};
			name = Release;
		};
/* End XCBuildConfiguration section */

/* Begin XCConfigurationList section */
		ACF5F2191A93274A009D787C /* Build configuration list for PBXProject "Sample01_UsingExecutor" */ = {
			isa = XCConfigurationList;
			buildConfigurations = (
				ACF5F23F1A93274B009D787C /* Debug */,
				ACF5F2401A93274B009D787C /* Release */,
			);
			defaultConfigurationIsVisible = 0;
			defaultConfigurationName = Release;
		};
		ACF5F2411A93274B009D787C /* Build configuration list for PBXNativeTarget "Sample01_UsingExecutor" */ = {
			isa = XCConfigurationList;
			buildConfigurations = (
				ACF5F2421A93274B009D787C /* Debug */,
				ACF5F2431A93274B009D787C /* Release */,
			);
			defaultConfigurationIsVisible = 0;
			defaultConfigurationName = Release;
		};
		ACF5F2441A93274B009D787C /* Build configuration list for PBXNativeTarget "Sample01_UsingExecutorTests" */ = {
			isa = XCConfigurationList;
			buildConfigurations = (
				ACF5F2451A93274B009D787C /* Debug */,
				ACF5F2461A93274B009D787C /* Release */,
			);
			defaultConfigurationIsVisible = 0;
			defaultConfigurationName = Release;
		};
/* End XCConfigurationList section */
	};
	rootObject = ACF5F2161A93274A009D787C /* Project object */;
}
